
Microsoft Visual Studio Solution File, Format Version 12.00
# Visual Studio Version 17
VisualStudioVersion = 17.8.34408.163
MinimumVisualStudioVersion = 10.0.40219.1
Project("{FAE04EC0-301F-11D3-BF4B-00C04F79EFBC}") = "ConsoleApp5", "ConsoleApp5.csproj", "{1C447DFB-3A62-43E3-92AC-C300F4FBCC0A}"
EndProject
Global
	GlobalSection(SolutionConfigurationPlatforms) = preSolution
		Debug|Any CPU = Debug|Any CPU
		Release|Any CPU = Release|Any CPU
	EndGlobalSection
	GlobalSection(ProjectConfigurationPlatforms) = postSolution
		{1C447DFB-3A62-43E3-92AC-C300F4FBCC0A}.Debug|Any CPU.ActiveCfg = Debug|Any CPU
		{1C447DFB-3A62-43E3-92AC-C300F4FBCC0A}.Debug|Any CPU.Build.0 = Debug|Any CPU
		{1C447DFB-3A62-43E3-92AC-C300F4FBCC0A}.Release|Any CPU.ActiveCfg = Release|Any CPU
		{1C447DFB-3A62-43E3-92AC-C300F4FBCC0A}.Release|Any CPU.Build.0 = Release|Any CPU
	EndGlobalSection
	GlobalSection(SolutionProperties) = preSolution
		HideSolutionNode = FALSE
	EndGlobalSection
	GlobalSection(ExtensibilityGlobals) = postSolution
		SolutionGuid = {B4E4A04B-B47A-4EFA-902B-7697F2CF1356}
	EndGlobalSection
EndGlobal
