
Microsoft Visual Studio Solution File, Format Version 12.00
# Visual Studio Version 17
VisualStudioVersion = 17.8.34408.163
MinimumVisualStudioVersion = 10.0.40219.1
Project("{FAE04EC0-301F-11D3-BF4B-00C04F79EFBC}") = "Constructor", "Constructor.csproj", "{C2D6402D-A3DA-47E2-8AC9-D0B3E4BCAFB6}"
EndProject
Global
	GlobalSection(SolutionConfigurationPlatforms) = preSolution
		Debug|Any CPU = Debug|Any CPU
		Release|Any CPU = Release|Any CPU
	EndGlobalSection
	GlobalSection(ProjectConfigurationPlatforms) = postSolution
		{C2D6402D-A3DA-47E2-8AC9-D0B3E4BCAFB6}.Debug|Any CPU.ActiveCfg = Debug|Any CPU
		{C2D6402D-A3DA-47E2-8AC9-D0B3E4BCAFB6}.Debug|Any CPU.Build.0 = Debug|Any CPU
		{C2D6402D-A3DA-47E2-8AC9-D0B3E4BCAFB6}.Release|Any CPU.ActiveCfg = Release|Any CPU
		{C2D6402D-A3DA-47E2-8AC9-D0B3E4BCAFB6}.Release|Any CPU.Build.0 = Release|Any CPU
	EndGlobalSection
	GlobalSection(SolutionProperties) = preSolution
		HideSolutionNode = FALSE
	EndGlobalSection
	GlobalSection(ExtensibilityGlobals) = postSolution
		SolutionGuid = {97F2398D-9A65-415E-B7A6-F267CC1253F6}
	EndGlobalSection
EndGlobal
