
Microsoft Visual Studio Solution File, Format Version 12.00
# Visual Studio Version 17
VisualStudioVersion = 17.8.34408.163
MinimumVisualStudioVersion = 10.0.40219.1
Project("{FAE04EC0-301F-11D3-BF4B-00C04F79EFBC}") = "Game", "Game.csproj", "{9C867117-76B5-4C09-A95E-B196553EDCE1}"
EndProject
Global
	GlobalSection(SolutionConfigurationPlatforms) = preSolution
		Debug|Any CPU = Debug|Any CPU
		Release|Any CPU = Release|Any CPU
	EndGlobalSection
	GlobalSection(ProjectConfigurationPlatforms) = postSolution
		{9C867117-76B5-4C09-A95E-B196553EDCE1}.Debug|Any CPU.ActiveCfg = Debug|Any CPU
		{9C867117-76B5-4C09-A95E-B196553EDCE1}.Debug|Any CPU.Build.0 = Debug|Any CPU
		{9C867117-76B5-4C09-A95E-B196553EDCE1}.Release|Any CPU.ActiveCfg = Release|Any CPU
		{9C867117-76B5-4C09-A95E-B196553EDCE1}.Release|Any CPU.Build.0 = Release|Any CPU
	EndGlobalSection
	GlobalSection(SolutionProperties) = preSolution
		HideSolutionNode = FALSE
	EndGlobalSection
	GlobalSection(ExtensibilityGlobals) = postSolution
		SolutionGuid = {04B6AED1-FF8C-472E-BC31-E10E8FEDF95E}
	EndGlobalSection
EndGlobal
