
Microsoft Visual Studio Solution File, Format Version 12.00
# Visual Studio Version 17
VisualStudioVersion = 17.9.34616.47
MinimumVisualStudioVersion = 10.0.40219.1
Project("{FAE04EC0-301F-11D3-BF4B-00C04F79EFBC}") = "LBMS", "LBMS.csproj", "{CE557753-7646-493F-BE93-486D9B8D4DE9}"
EndProject
Global
	GlobalSection(SolutionConfigurationPlatforms) = preSolution
		Debug|Any CPU = Debug|Any CPU
		Release|Any CPU = Release|Any CPU
	EndGlobalSection
	GlobalSection(ProjectConfigurationPlatforms) = postSolution
		{CE557753-7646-493F-BE93-486D9B8D4DE9}.Debug|Any CPU.ActiveCfg = Debug|Any CPU
		{CE557753-7646-493F-BE93-486D9B8D4DE9}.Debug|Any CPU.Build.0 = Debug|Any CPU
		{CE557753-7646-493F-BE93-486D9B8D4DE9}.Release|Any CPU.ActiveCfg = Release|Any CPU
		{CE557753-7646-493F-BE93-486D9B8D4DE9}.Release|Any CPU.Build.0 = Release|Any CPU
	EndGlobalSection
	GlobalSection(SolutionProperties) = preSolution
		HideSolutionNode = FALSE
	EndGlobalSection
	GlobalSection(ExtensibilityGlobals) = postSolution
		SolutionGuid = {0D4E505C-1A1D-4DB5-9D31-B98724A0854C}
	EndGlobalSection
EndGlobal
